
Microsoft Visual Studio Solution File, Format Version 12.00
# Visual Studio Version 17
VisualStudioVersion = 17.11.35312.102
MinimumVisualStudioVersion = 10.0.40219.1
Project("{FAE04EC0-301F-11D3-BF4B-00C04F79EFBC}") = "VillaApi", "VillaApi\VillaApi.csproj", "{01500D4E-4305-4B4B-8668-0ABDAD513A85}"
EndProject
Global
	GlobalSection(SolutionConfigurationPlatforms) = preSolution
		Debug|Any CPU = Debug|Any CPU
		Release|Any CPU = Release|Any CPU
	EndGlobalSection
	GlobalSection(ProjectConfigurationPlatforms) = postSolution
		{01500D4E-4305-4B4B-8668-0ABDAD513A85}.Debug|Any CPU.ActiveCfg = Debug|Any CPU
		{01500D4E-4305-4B4B-8668-0ABDAD513A85}.Debug|Any CPU.Build.0 = Debug|Any CPU
		{01500D4E-4305-4B4B-8668-0ABDAD513A85}.Release|Any CPU.ActiveCfg = Release|Any CPU
		{01500D4E-4305-4B4B-8668-0ABDAD513A85}.Release|Any CPU.Build.0 = Release|Any CPU
	EndGlobalSection
	GlobalSection(SolutionProperties) = preSolution
		HideSolutionNode = FALSE
	EndGlobalSection
	GlobalSection(ExtensibilityGlobals) = postSolution
		SolutionGuid = {1E72EADE-E044-4517-8E31-5B7CAEAEAF4D}
	EndGlobalSection
EndGlobal
